<?xml version="1.0" encoding="utf-8"?>
<Project ToolsVersion="4.0" xmlns="http://schemas.microsoft.com/developer/msbuild/2003">
  <ItemGroup>
    <Filter Include="Source Files">
      <UniqueIdentifier>{4FC737F1-C7A5-4376-A066-2A32D752A2FF}</UniqueIdentifier>
      <Extensions>cpp;c;cc;cxx;c++;cppm;ixx;def;odl;idl;hpj;bat;asm;asmx</Extensions>
    </Filter>
    <Filter Include="Header Files">
      <UniqueIdentifier>{93995380-89BD-4b04-88EB-625FBE52EBFB}</UniqueIdentifier>
      <Extensions>h;hh;hpp;hxx;h++;hm;inl;inc;ipp;xsd</Extensions>
    </Filter>
    <Filter Include="Resource Files">
      <UniqueIdentifier>{67DA6AB6-F800-4c08-8B7A-83BB121AAD01}</UniqueIdentifier>
      <Extensions>rc;ico;cur;bmp;dlg;rc2;rct;bin;rgs;gif;jpg;jpeg;jpe;resx;tiff;tif;png;wav;mfcribbon-ms</Extensions>
    </Filter>
    <Filter Include="Header Files\Users">
      <UniqueIdentifier>{0e33cc1a-53c6-4da5-abb0-0eefe55ba75a}</UniqueIdentifier>
    </Filter>
    <Filter Include="Header Files\Products">
      <UniqueIdentifier>{43dc766f-585b-4f18-bea8-c88d6130488e}</UniqueIdentifier>
    </Filter>
    <Filter Include="Header Files\Utils">
      <UniqueIdentifier>{fadd640f-e3c6-4cf9-833d-ca17eb314886}</UniqueIdentifier>
    </Filter>
    <Filter Include="Source Files\Utils">
      <UniqueIdentifier>{ef9055ab-ee24-4a43-8911-92e015a082aa}</UniqueIdentifier>
    </Filter>
    <Filter Include="Source Files\Users">
      <UniqueIdentifier>{73f47796-359b-493f-a11d-75e188b458f7}</UniqueIdentifier>
    </Filter>
    <Filter Include="Header Files\Core">
      <UniqueIdentifier>{f2dae289-6cd7-4da4-a794-af1cc97aaf8c}</UniqueIdentifier>
    </Filter>
    <Filter Include="Source Files\Core">
      <UniqueIdentifier>{5f05b36b-69a3-4ad7-9f76-ad24f68b6e0b}</UniqueIdentifier>
    </Filter>
    <Filter Include="Source Files\Products">
      <UniqueIdentifier>{cbaf0a3a-9d3c-4ed3-99db-8ebf906290c1}</UniqueIdentifier>
    </Filter>
    <Filter Include="Header Files\Category">
      <UniqueIdentifier>{dd89deae-52fa-455c-a7e1-72b63e40d9dc}</UniqueIdentifier>
    </Filter>
    <Filter Include="Header Files\Managers">
      <UniqueIdentifier>{63dc5899-d9d3-4a0c-bae2-cc3f445c027a}</UniqueIdentifier>
    </Filter>
    <Filter Include="Header Files\Constants">
      <UniqueIdentifier>{00f516f6-b5fc-4967-83d6-c5dc6182cc44}</UniqueIdentifier>
    </Filter>
    <Filter Include="Source Files\Category">
      <UniqueIdentifier>{5836ee1b-9b8c-47a4-b3f9-614b1bfb0659}</UniqueIdentifier>
    </Filter>
    <Filter Include="Source Files\Managers">
      <UniqueIdentifier>{83efe94d-9c56-4a45-b2cd-688f57406cbd}</UniqueIdentifier>
    </Filter>
    <Filter Include="Source Files\GiftCards">
      <UniqueIdentifier>{5d43825b-46cc-4dce-94da-2dd88aedcf39}</UniqueIdentifier>
    </Filter>
    <Filter Include="Header Files\GiftCards">
      <UniqueIdentifier>{6a26bbe1-736c-4b75-be54-fc1b25750a4b}</UniqueIdentifier>
    </Filter>
  </ItemGroup>
  <ItemGroup>
    <ClInclude Include="User.h">
      <Filter>Header Files\Users</Filter>
    </ClInclude>
    <ClInclude Include="Manager.h">
      <Filter>Header Files\Users</Filter>
    </ClInclude>
    <ClInclude Include="Cashier.h">
      <Filter>Header Files\Users</Filter>
    </ClInclude>
    <ClInclude Include="Product.h">
      <Filter>Header Files\Products</Filter>
    </ClInclude>
    <ClInclude Include="String.h">
      <Filter>Header Files\Utils</Filter>
    </ClInclude>
    <ClInclude Include="Vector.h">
      <Filter>Header Files\Utils</Filter>
    </ClInclude>
    <ClInclude Include="ProductByUnit.h">
      <Filter>Header Files\Products</Filter>
    </ClInclude>
    <ClInclude Include="Response.h">
      <Filter>Header Files\Utils</Filter>
    </ClInclude>
    <ClInclude Include="ProductByWeight.h">
      <Filter>Header Files\Products</Filter>
    </ClInclude>
    <ClInclude Include="CommandHandler.h">
      <Filter>Header Files\Core</Filter>
    </ClInclude>
    <ClInclude Include="Program.h">
      <Filter>Header Files\Core</Filter>
    </ClInclude>
    <ClInclude Include="Logger.h">
      <Filter>Header Files\Core</Filter>
    </ClInclude>
    <ClInclude Include="Random.h">
      <Filter>Header Files\Utils</Filter>
    </ClInclude>
    <ClInclude Include="GiftCard.h">
      <Filter>Header Files\GiftCards</Filter>
    </ClInclude>
    <ClInclude Include="Category.h">
      <Filter>Header Files\Category</Filter>
    </ClInclude>
    <ClInclude Include="ProductManager.h">
      <Filter>Header Files\Managers</Filter>
    </ClInclude>
    <ClInclude Include="UserManager.h">
      <Filter>Header Files\Managers</Filter>
    </ClInclude>
    <ClInclude Include="CommandConstants.h">
      <Filter>Header Files\Constants</Filter>
    </ClInclude>
    <ClInclude Include="SingleCategoryGiftCard.h">
      <Filter>Header Files\GiftCards</Filter>
    </ClInclude>
    <ClInclude Include="MultipleCategoriesGiftCard.h">
      <Filter>Header Files\GiftCards</Filter>
    </ClInclude>
    <ClInclude Include="AllProductsGiftCard.h">
      <Filter>Header Files\GiftCards</Filter>
    </ClInclude>
    <ClInclude Include="CategoryConstants.h">
      <Filter>Header Files\Constants</Filter>
    </ClInclude>
    <ClInclude Include="GiftCardConstants.h">
      <Filter>Header Files\Constants</Filter>
    </ClInclude>
    <ClInclude Include="Warning.h">
      <Filter>Header Files\Users</Filter>
    </ClInclude>
  </ItemGroup>
  <ItemGroup>
    <ClCompile Include="String.cpp">
      <Filter>Source Files\Utils</Filter>
    </ClCompile>
    <ClCompile Include="Manager.cpp">
      <Filter>Source Files\Users</Filter>
    </ClCompile>
    <ClCompile Include="User.cpp">
      <Filter>Source Files\Users</Filter>
    </ClCompile>
    <ClCompile Include="Cashier.cpp">
      <Filter>Source Files\Users</Filter>
    </ClCompile>
    <ClCompile Include="Product.cpp">
      <Filter>Source Files\Products</Filter>
    </ClCompile>
    <ClCompile Include="ProductByUnit.cpp">
      <Filter>Source Files\Products</Filter>
    </ClCompile>
    <ClCompile Include="ProductByWeight.cpp">
      <Filter>Source Files\Products</Filter>
    </ClCompile>
    <ClCompile Include="Program.cpp">
      <Filter>Source Files\Core</Filter>
    </ClCompile>
    <ClCompile Include="Main.cpp">
      <Filter>Source Files\Core</Filter>
    </ClCompile>
    <ClCompile Include="CommandHandler.cpp">
      <Filter>Source Files\Core</Filter>
    </ClCompile>
    <ClCompile Include="ProductConstants.h">
      <Filter>Header Files\Constants</Filter>
    </ClCompile>
    <ClCompile Include="Category.cpp">
      <Filter>Source Files\Category</Filter>
    </ClCompile>
    <ClCompile Include="ProductManager.cpp">
      <Filter>Source Files\Managers</Filter>
    </ClCompile>
    <ClCompile Include="UserManager.cpp">
      <Filter>Source Files\Managers</Filter>
    </ClCompile>
    <ClCompile Include="AllProductsGiftCard.cpp">
      <Filter>Source Files\GiftCards</Filter>
    </ClCompile>
    <ClCompile Include="GiftCard.cpp">
      <Filter>Source Files\GiftCards</Filter>
    </ClCompile>
    <ClCompile Include="MultipleCategoriesGiftCard.cpp">
      <Filter>Source Files\GiftCards</Filter>
    </ClCompile>
    <ClCompile Include="SingleCategoryGiftCard.cpp">
      <Filter>Source Files\GiftCards</Filter>
    </ClCompile>
    <ClCompile Include="Warning.cpp">
      <Filter>Source Files\Users</Filter>
    </ClCompile>
  </ItemGroup>
</Project>